{
  "name": "openapi-deref",
  "version": "1.0.0",
  "lockfileVersion": 3,
  "requires": true,
  "packages": {
    "": {
      "name": "openapi-deref",
      "version": "1.0.0",
      "dependencies": {
        "@scalar/openapi-parser": "^x.x.x",
        "fast-safe-stringify": "^2.1.1",
        "js-yaml": "^x.x.x"
      }
    },
    "node_modules/@scalar/helpers": {
      "version": "0.1.1",
      "resolved": "https://registry.npmjs.org/@scalar/helpers/-/helpers-0.1.1.tgz",
      "integrity": "sha512-eJjuCI5djqU0adTwrHvpDf0xuwNRpwZinCfJ03QjnmIFBM9Ch0u3tn/0EZOhcVNbdEyJ+3yvSVy1dCmmvgtpvQ==",
      "engines": {
        "node": ">=20"
      }
    },
    "node_modules/@scalar/json-magic": {
      "version": "0.8.1",
      "resolved": "https://registry.npmjs.org/@scalar/json-magic/-/json-magic-0.8.1.tgz",
      "integrity": "sha512-PtG0gJxw+iE9492pqy9V+ZbnfRnycIxTAxknKQCOGRyFYfDvYSs0/uyFCHoQPl7HEZoNNA7q/fr0LBZXMRzv7g==",
      "dependencies": {
        "@scalar/helpers": "0.1.1",
        "xxhash-wasm": "^1.1.0",
        "yaml": "2.8.0"
      },
      "engines": {
        "node": ">=20"
      }
    },
    "node_modules/@scalar/openapi-parser": {
      "version": "0.23.2",
      "resolved": "https://registry.npmjs.org/@scalar/openapi-parser/-/openapi-parser-0.23.2.tgz",
      "integrity": "sha512-NzMOWm6sae+viN8luEUqplsc0rO9XdStUM/TY1+o+5gz8KPrDc8/Wh+ksFyfGi0lnwn8GHwi7NVDrBDL5qkXCA==",
      "dependencies": {
        "@scalar/json-magic": "0.8.1",
        "@scalar/openapi-types": "0.5.1",
        "@scalar/openapi-upgrader": "0.1.4",
        "ajv": "^8.17.1",
        "ajv-draft-04": "^1.0.0",
        "ajv-formats": "^3.0.1",
        "jsonpointer": "^5.0.1",
        "leven": "^4.0.0",
        "yaml": "2.8.0"
      },
      "engines": {
        "node": ">=20"
      }
    },
    "node_modules/@scalar/openapi-types": {
      "version": "0.5.1",
      "resolved": "https://registry.npmjs.org/@scalar/openapi-types/-/openapi-types-0.5.1.tgz",
      "integrity": "sha512-8g7s9lPolyDFtijyh3Ob459tpezPuZbkXoFgJwBTHjPZ7ap+TvOJTvLk56CFwxVBVz2BxCzWJqxYyy3FUdeLoA==",
      "dependencies": {
        "zod": "4.1.11"
      },
      "engines": {
        "node": ">=20"
      }
    },
    "node_modules/@scalar/openapi-upgrader": {
      "version": "0.1.4",
      "resolved": "https://registry.npmjs.org/@scalar/openapi-upgrader/-/openapi-upgrader-0.1.4.tgz",
      "integrity": "sha512-OKSjey1U99BTg1ZTiNL1xxOEOrP9U4aRTH7Pf6JFXpqFH8kGdhrDAIA0uogYYzNq65BaQwK+h31fSrIf/yCLCg==",
      "dependencies": {
        "@scalar/openapi-types": "0.5.1"
      },
      "engines": {
        "node": ">=20"
      }
    },
    "node_modules/ajv": {
      "version": "8.17.1",
      "resolved": "https://registry.npmjs.org/ajv/-/ajv-8.17.1.tgz",
      "integrity": "sha512-B/gBuNg5SiMTrPkC+A2+cW0RszwxYmn6VYxB/inlBStS5nx6xHIt/ehKRhIMhqusl7a8LjQoZnjCs5vhwxOQ1g==",
      "dependencies": {
        "fast-deep-equal": "^3.1.3",
        "fast-uri": "^3.0.1",
        "json-schema-traverse": "^1.0.0",
        "require-from-string": "^2.0.2"
      },
      "funding": {
        "type": "github",
        "url": "https://github.com/sponsors/epoberezkin"
      }
    },
    "node_modules/ajv-draft-04": {
      "version": "1.0.0",
      "resolved": "https://registry.npmjs.org/ajv-draft-04/-/ajv-draft-04-1.0.0.tgz",
      "integrity": "sha512-mv00Te6nmYbRp5DCwclxtt7yV/joXJPGS7nM+97GdxvuttCOfgI3K4U25zboyeX0O+myI8ERluxQe5wljMmVIw==",
      "peerDependencies": {
        "ajv": "^8.5.0"
      },
      "peerDependenciesMeta": {
        "ajv": {
          "optional": true
        }
      }
    },
    "node_modules/ajv-formats": {
      "version": "3.0.1",
      "resolved": "https://registry.npmjs.org/ajv-formats/-/ajv-formats-3.0.1.tgz",
      "integrity": "sha512-8iUql50EUR+uUcdRQ3HDqa6EVyo3docL8g5WJ3FNcWmu62IbkGUue/pEyLBW8VGKKucTPgqeks4fIU1DA4yowQ==",
      "dependencies": {
        "ajv": "^8.0.0"
      },
      "peerDependencies": {
        "ajv": "^8.0.0"
      },
      "peerDependenciesMeta": {
        "ajv": {
          "optional": true
        }
      }
    },
    "node_modules/argparse": {
      "version": "2.0.1",
      "resolved": "https://registry.npmjs.org/argparse/-/argparse-2.0.1.tgz",
      "integrity": "sha512-8+9WqebbFzpX9OR+Wa6O29asIogeRMzcGtAINdpMHHyAg10f05aSFVBbcEqGf/PXw1EjAZ+q2/bEBg3DvurK3Q=="
    },
    "node_modules/fast-deep-equal": {
      "version": "3.1.3",
      "resolved": "https://registry.npmjs.org/fast-deep-equal/-/fast-deep-equal-3.1.3.tgz",
      "integrity": "sha512-f3qQ9oQy9j2AhBe/H9VC91wLmKBCCU/gDOnKNAYG5hswO7BLKj09Hc5HYNz9cGI++xlpDCIgDaitVs03ATR84Q=="
    },
    "node_modules/fast-safe-stringify": {
      "version": "2.1.1",
      "resolved": "https://registry.npmjs.org/fast-safe-stringify/-/fast-safe-stringify-2.1.1.tgz",
      "integrity": "sha512-W+KJc2dmILlPplD/H4K9l9LcAHAfPtP6BY84uVLXQ6Evcz9Lcg33Y2z1IVblT6xdY54PXYVHEv+0Wpq8Io6zkA=="
    },
    "node_modules/fast-uri": {
      "version": "3.1.0",
      "resolved": "https://registry.npmjs.org/fast-uri/-/fast-uri-3.1.0.tgz",
      "integrity": "sha512-iPeeDKJSWf4IEOasVVrknXpaBV0IApz/gp7S2bb7Z4Lljbl2MGJRqInZiUrQwV16cpzw/D3S5j5Julj/gT52AA==",
      "funding": [
        {
          "type": "github",
          "url": "https://github.com/sponsors/fastify"
        },
        {
          "type": "opencollective",
          "url": "https://opencollective.com/fastify"
        }
      ]
    },
    "node_modules/js-yaml": {
      "version": "4.1.0",
      "resolved": "https://registry.npmjs.org/js-yaml/-/js-yaml-4.1.0.tgz",
      "integrity": "sha512-wpxZs9NoxZaJESJGIZTyDEaYpl0FKSA+FB9aJiyemKhMwkxQg63h4T1KJgUGHpTqPDNRcmmYLugrRjJlBtWvRA==",
      "dependencies": {
        "argparse": "^2.0.1"
      },
      "bin": {
        "js-yaml": "bin/js-yaml.js"
      }
    },
    "node_modules/json-schema-traverse": {
      "version": "1.0.0",
      "resolved": "https://registry.npmjs.org/json-schema-traverse/-/json-schema-traverse-1.0.0.tgz",
      "integrity": "sha512-NM8/P9n3XjXhIZn1lLhkFaACTOURQXjWhV4BA/RnOv8xvgqtqpAX9IO4mRQxSx1Rlo4tqzeqb0sOlruaOy3dug=="
    },
    "node_modules/jsonpointer": {
      "version": "5.0.1",
      "resolved": "https://registry.npmjs.org/jsonpointer/-/jsonpointer-5.0.1.tgz",
      "integrity": "sha512-p/nXbhSEcu3pZRdkW1OfJhpsVtW1gd4Wa1fnQc9YLiTfAjn0312eMKimbdIQzuZl9aa9xUGaRlP9T/CJE/ditQ==",
      "engines": {
        "node": ">=0.10.0"
      }
    },
    "node_modules/leven": {
      "version": "4.1.0",
      "resolved": "https://registry.npmjs.org/leven/-/leven-4.1.0.tgz",
      "integrity": "sha512-KZ9W9nWDT7rF7Dazg8xyLHGLrmpgq2nVNFUckhqdW3szVP6YhCpp/RAnpmVExA9JvrMynjwSLVrEj3AepHR6ew==",
      "engines": {
        "node": "^12.20.0 || ^14.13.1 || >=16.0.0"
      },
      "funding": {
        "url": "https://github.com/sponsors/sindresorhus"
      }
    },
    "node_modules/require-from-string": {
      "version": "2.0.2",
      "resolved": "https://registry.npmjs.org/require-from-string/-/require-from-string-2.0.2.tgz",
      "integrity": "sha512-Xf0nWe6RseziFMu+Ap9biiUbmplq6S9/p+7w7YXP/JBHhrUDDUhwa+vANyubuqfZWTveU//DYVGsDG7RKL/vEw==",
      "engines": {
        "node": ">=0.10.0"
      }
    },
    "node_modules/xxhash-wasm": {
      "version": "1.1.0",
      "resolved": "https://registry.npmjs.org/xxhash-wasm/-/xxhash-wasm-1.1.0.tgz",
      "integrity": "sha512-147y/6YNh+tlp6nd/2pWq38i9h6mz/EuQ6njIrmW8D1BS5nCqs0P6DG+m6zTGnNz5I+uhZ0SHxBs9BsPrwcKDA=="
    },
    "node_modules/yaml": {
      "version": "2.8.0",
      "resolved": "https://registry.npmjs.org/yaml/-/yaml-2.8.0.tgz",
      "integrity": "sha512-4lLa/EcQCB0cJkyts+FpIRx5G/llPxfP6VQU5KByHEhLxY3IJCH0f0Hy1MHI8sClTvsIb8qwRJ6R/ZdlDJ/leQ==",
      "bin": {
        "yaml": "bin.mjs"
      },
      "engines": {
        "node": ">= 14.6"
      }
    },
    "node_modules/zod": {
      "version": "4.1.11",
      "resolved": "https://registry.npmjs.org/zod/-/zod-4.1.11.tgz",
      "integrity": "sha512-WPsqwxITS2tzx1bzhIKsEs19ABD5vmCVa4xBo2tq/SrV4RNZtfws1EnCWQXM6yh8bD08a1idvkB5MZSBiZsjwg==",
      "funding": {
        "url": "https://github.com/sponsors/colinhacks"
      }
    }
  }
}
